
Microsoft Visual Studio Solution File, Format Version 12.00
# Visual Studio Version 17
VisualStudioVersion = 17.10.35013.160
MinimumVisualStudioVersion = 10.0.40219.1
Project("{9A19103F-16F7-4668-BE54-9A1E7A4F7556}") = "Calculator", "Calculator.csproj", "{E8BD2CC0-2DB9-4CE4-A970-F6F50B2A7020}"
EndProject
Project("{FAE04EC0-301F-11D3-BF4B-00C04F79EFBC}") = "Calculator.Tests", "..\Calculator.Tests\Calculator.Tests.csproj", "{9ADC72A0-A8AB-4A6A-B765-DB5361A31152}"
EndProject
Global
	GlobalSection(SolutionConfigurationPlatforms) = preSolution
		Debug|Any CPU = Debug|Any CPU
		Release|Any CPU = Release|Any CPU
	EndGlobalSection
	GlobalSection(ProjectConfigurationPlatforms) = postSolution
		{E8BD2CC0-2DB9-4CE4-A970-F6F50B2A7020}.Debug|Any CPU.ActiveCfg = Debug|Any CPU
		{E8BD2CC0-2DB9-4CE4-A970-F6F50B2A7020}.Debug|Any CPU.Build.0 = Debug|Any CPU
		{E8BD2CC0-2DB9-4CE4-A970-F6F50B2A7020}.Release|Any CPU.ActiveCfg = Release|Any CPU
		{E8BD2CC0-2DB9-4CE4-A970-F6F50B2A7020}.Release|Any CPU.Build.0 = Release|Any CPU
		{9ADC72A0-A8AB-4A6A-B765-DB5361A31152}.Debug|Any CPU.ActiveCfg = Debug|Any CPU
		{9ADC72A0-A8AB-4A6A-B765-DB5361A31152}.Debug|Any CPU.Build.0 = Debug|Any CPU
		{9ADC72A0-A8AB-4A6A-B765-DB5361A31152}.Release|Any CPU.ActiveCfg = Release|Any CPU
		{9ADC72A0-A8AB-4A6A-B765-DB5361A31152}.Release|Any CPU.Build.0 = Release|Any CPU
	EndGlobalSection
	GlobalSection(SolutionProperties) = preSolution
		HideSolutionNode = FALSE
	EndGlobalSection
	GlobalSection(ExtensibilityGlobals) = postSolution
		SolutionGuid = {DC4F3061-8AD3-41EA-9759-8C59B25D45F3}
	EndGlobalSection
EndGlobal
